PODS:
  - UICollectionViewExt (1.0.6):
    - UICollectionViewExt/UICollectionViewLeftAlignLayout (= 1.0.6)
    - UICollectionViewExt/UICollectionViewWaterfallLayout (= 1.0.6)
    - UICollectionViewExt/UIPagingEnabled (= 1.0.6)
  - UICollectionViewExt/UICollectionViewLeftAlignLayout (1.0.6)
  - UICollectionViewExt/UICollectionViewWaterfallLayout (1.0.6)
  - UICollectionViewExt/UIPagingEnabled (1.0.6)

DEPENDENCIES:
  - UICollectionViewExt (from `../`)

EXTERNAL SOURCES:
  UICollectionViewExt:
    :path: "../"

SPEC CHECKSUMS:
  UICollectionViewExt: 03e775056a01be71eac9cddfaf68876bfdfa9a64

PODFILE CHECKSUM: fed8912bfc38d878f2e3708239968ce946d8861a

COCOAPODS: 1.6.0.beta.2
