PODS:
  - UICollectionViewExt (1.0.1):
    - UICollectionViewExt/PagingEnabled (= 1.0.1)
    - UICollectionViewExt/UICollectionViewLeftAlignLayout (= 1.0.1)
    - UICollectionViewExt/UICollectionViewWaterfallLayout (= 1.0.1)
  - UICollectionViewExt/PagingEnabled (1.0.1)
  - UICollectionViewExt/UICollectionViewLeftAlignLayout (1.0.1)
  - UICollectionViewExt/UICollectionViewWaterfallLayout (1.0.1)

DEPENDENCIES:
  - UICollectionViewExt (from `../`)

EXTERNAL SOURCES:
  UICollectionViewExt:
    :path: "../"

SPEC CHECKSUMS:
  UICollectionViewExt: b4dde7bc59c4fe4cc27b4cef45c2ec175c796667

PODFILE CHECKSUM: fed8912bfc38d878f2e3708239968ce946d8861a

COCOAPODS: 1.5.3
